
Microsoft Visual Studio Solution File, Format Version 12.00
# Visual Studio Version 17
VisualStudioVersion = 17.2.32616.157
MinimumVisualStudioVersion = 10.0.40219.1
Project("{FAE04EC0-301F-11D3-BF4B-00C04F79EFBC}") = "WinFormsKR3", "WinFormsKR3\WinFormsKR3.csproj", "{A8102C7C-A9FA-4299-B079-0FDA340CA377}"
EndProject
Project("{2150E333-8FDC-42A3-9474-1A3956D46DE8}") = "Solution Items", "Solution Items", "{B741344B-D69B-48AA-BB00-F05584B3F4DC}"
	ProjectSection(SolutionItems) = preProject
		.editorconfig = .editorconfig
	EndProjectSection
EndProject
Project("{FAE04EC0-301F-11D3-BF4B-00C04F79EFBC}") = "WinFormsKR3.Test", "WinFormsKR3.Test\WinFormsKR3.Test.csproj", "{6D52BE7D-5704-43CD-8B92-EFA889401B75}"
EndProject
Global
	GlobalSection(SolutionConfigurationPlatforms) = preSolution
		Debug|Any CPU = Debug|Any CPU
		Release|Any CPU = Release|Any CPU
	EndGlobalSection
	GlobalSection(ProjectConfigurationPlatforms) = postSolution
		{A8102C7C-A9FA-4299-B079-0FDA340CA377}.Debug|Any CPU.ActiveCfg = Debug|Any CPU
		{A8102C7C-A9FA-4299-B079-0FDA340CA377}.Debug|Any CPU.Build.0 = Debug|Any CPU
		{A8102C7C-A9FA-4299-B079-0FDA340CA377}.Release|Any CPU.ActiveCfg = Release|Any CPU
		{A8102C7C-A9FA-4299-B079-0FDA340CA377}.Release|Any CPU.Build.0 = Release|Any CPU
		{6D52BE7D-5704-43CD-8B92-EFA889401B75}.Debug|Any CPU.ActiveCfg = Debug|Any CPU
		{6D52BE7D-5704-43CD-8B92-EFA889401B75}.Debug|Any CPU.Build.0 = Debug|Any CPU
		{6D52BE7D-5704-43CD-8B92-EFA889401B75}.Release|Any CPU.ActiveCfg = Release|Any CPU
		{6D52BE7D-5704-43CD-8B92-EFA889401B75}.Release|Any CPU.Build.0 = Release|Any CPU
	EndGlobalSection
	GlobalSection(SolutionProperties) = preSolution
		HideSolutionNode = FALSE
	EndGlobalSection
	GlobalSection(ExtensibilityGlobals) = postSolution
		SolutionGuid = {428AC0E8-2072-416B-8FC6-7D364FC3FCA6}
	EndGlobalSection
EndGlobal
